
Microsoft Visual Studio Solution File, Format Version 12.00
# Visual Studio Version 17
VisualStudioVersion = 17.5.33516.290
MinimumVisualStudioVersion = 10.0.40219.1
Project("{FAE04EC0-301F-11D3-BF4B-00C04F79EFBC}") = "Jobbie.Web", "Jobbie.Web.csproj", "{B289829E-8E59-4C3C-A05A-E549AB3C956F}"
EndProject
Project("{FAE04EC0-301F-11D3-BF4B-00C04F79EFBC}") = "Jobbie.Db", "..\Jobbie.Db\Jobbie.Db.csproj", "{F8EF89DD-C8EE-496D-87CD-44FADCF6B7B2}"
EndProject
Global
	GlobalSection(SolutionConfigurationPlatforms) = preSolution
		Debug|Any CPU = Debug|Any CPU
		Release|Any CPU = Release|Any CPU
	EndGlobalSection
	GlobalSection(ProjectConfigurationPlatforms) = postSolution
		{B289829E-8E59-4C3C-A05A-E549AB3C956F}.Debug|Any CPU.ActiveCfg = Debug|Any CPU
		{B289829E-8E59-4C3C-A05A-E549AB3C956F}.Debug|Any CPU.Build.0 = Debug|Any CPU
		{B289829E-8E59-4C3C-A05A-E549AB3C956F}.Release|Any CPU.ActiveCfg = Release|Any CPU
		{B289829E-8E59-4C3C-A05A-E549AB3C956F}.Release|Any CPU.Build.0 = Release|Any CPU
		{F8EF89DD-C8EE-496D-87CD-44FADCF6B7B2}.Debug|Any CPU.ActiveCfg = Debug|Any CPU
		{F8EF89DD-C8EE-496D-87CD-44FADCF6B7B2}.Debug|Any CPU.Build.0 = Debug|Any CPU
		{F8EF89DD-C8EE-496D-87CD-44FADCF6B7B2}.Release|Any CPU.ActiveCfg = Release|Any CPU
		{F8EF89DD-C8EE-496D-87CD-44FADCF6B7B2}.Release|Any CPU.Build.0 = Release|Any CPU
	EndGlobalSection
	GlobalSection(SolutionProperties) = preSolution
		HideSolutionNode = FALSE
	EndGlobalSection
	GlobalSection(ExtensibilityGlobals) = postSolution
		SolutionGuid = {FADA9069-BE6F-473F-9BCE-9B85384A29DB}
	EndGlobalSection
EndGlobal
